// !$*UTF8*$!
{
	archiveVersion = 1;
	classes = {
	};
	objectVersion = 56;
	objects = {

/* Begin PBXBuildFile section */
		C75B50C62BD7FCA8003E5CBA /* TabView_NavigableViewApp.swift in Sources */ = {isa = PBXBuildFile; fileRef = C75B50C52BD7FCA8003E5CBA /* TabView_NavigableViewApp.swift */; };
		C75B50C82BD7FCA8003E5CBA /* ContentView.swift in Sources */ = {isa = PBXBuildFile; fileRef = C75B50C72BD7FCA8003E5CBA /* ContentView.swift */; };
		C75B50CA2BD7FCAA003E5CBA /* Assets.xcassets in Resources */ = {isa = PBXBuildFile; fileRef = C75B50C92BD7FCAA003E5CBA /* Assets.xcassets */; };
		C75B50CD2BD7FCAA003E5CBA /* Preview Assets.xcassets in Resources */ = {isa = PBXBuildFile; fileRef = C75B50CC2BD7FCAA003E5CBA /* Preview Assets.xcassets */; };
		C75B50D72BD7FCAA003E5CBA /* TabView_NavigableViewTests.swift in Sources */ = {isa = PBXBuildFile; fileRef = C75B50D62BD7FCAA003E5CBA /* TabView_NavigableViewTests.swift */; };
		C75B50E12BD7FCAA003E5CBA /* TabView_NavigableViewUITests.swift in Sources */ = {isa = PBXBuildFile; fileRef = C75B50E02BD7FCAA003E5CBA /* TabView_NavigableViewUITests.swift */; };
		C75B50E32BD7FCAA003E5CBA /* TabView_NavigableViewUITestsLaunchTests.swift in Sources */ = {isa = PBXBuildFile; fileRef = C75B50E22BD7FCAA003E5CBA /* TabView_NavigableViewUITestsLaunchTests.swift */; };
		C75B50F62BD7FD2A003E5CBA /* Route.swift in Sources */ = {isa = PBXBuildFile; fileRef = C75B50F52BD7FD2A003E5CBA /* Route.swift */; };
		C75B50F82BD7FD33003E5CBA /* RouteResolver.swift in Sources */ = {isa = PBXBuildFile; fileRef = C75B50F72BD7FD33003E5CBA /* RouteResolver.swift */; };
		C75B50FA2BD7FD3F003E5CBA /* NavigableView.swift in Sources */ = {isa = PBXBuildFile; fileRef = C75B50F92BD7FD3F003E5CBA /* NavigableView.swift */; };
		C75B50FE2BD7FDA3003E5CBA /* MainTabView.swift in Sources */ = {isa = PBXBuildFile; fileRef = C75B50FD2BD7FDA3003E5CBA /* MainTabView.swift */; };
		C79B74E02D08A52600DA5161 /* NavigationState.swift in Sources */ = {isa = PBXBuildFile; fileRef = C79B74DF2D08A52600DA5161 /* NavigationState.swift */; };
		C79B74E32D08A5D800DA5161 /* HomeView.swift in Sources */ = {isa = PBXBuildFile; fileRef = C79B74E22D08A5D800DA5161 /* HomeView.swift */; };
		C79B74E52D08A60500DA5161 /* HomeViewModel.swift in Sources */ = {isa = PBXBuildFile; fileRef = C79B74E42D08A60500DA5161 /* HomeViewModel.swift */; };
		C79B74E72D08A73E00DA5161 /* User.swift in Sources */ = {isa = PBXBuildFile; fileRef = C79B74E62D08A73E00DA5161 /* User.swift */; };
		C79B74EA2D08A77900DA5161 /* ProfileView.swift in Sources */ = {isa = PBXBuildFile; fileRef = C79B74E92D08A77900DA5161 /* ProfileView.swift */; };
		C79B74EC2D08A79800DA5161 /* ProfileViewModel.swift in Sources */ = {isa = PBXBuildFile; fileRef = C79B74EB2D08A79800DA5161 /* ProfileViewModel.swift */; };
		C79B74EF2D08AB4900DA5161 /* AppContainer.swift in Sources */ = {isa = PBXBuildFile; fileRef = C79B74EE2D08AB4900DA5161 /* AppContainer.swift */; };
/* End PBXBuildFile section */

/* Begin PBXContainerItemProxy section */
		C75B50D32BD7FCAA003E5CBA /* PBXContainerItemProxy */ = {
			isa = PBXContainerItemProxy;
			containerPortal = C75B50BA2BD7FCA8003E5CBA /* Project object */;
			proxyType = 1;
			remoteGlobalIDString = C75B50C12BD7FCA8003E5CBA;
			remoteInfo = "TabView+NavigableView";
		};
		C75B50DD2BD7FCAA003E5CBA /* PBXContainerItemProxy */ = {
			isa = PBXContainerItemProxy;
			containerPortal = C75B50BA2BD7FCA8003E5CBA /* Project object */;
			proxyType = 1;
			remoteGlobalIDString = C75B50C12BD7FCA8003E5CBA;
			remoteInfo = "TabView+NavigableView";
		};
/* End PBXContainerItemProxy section */

/* Begin PBXFileReference section */
		C75B50C22BD7FCA8003E5CBA /* TabView+NavigableView.app */ = {isa = PBXFileReference; explicitFileType = wrapper.application; includeInIndex = 0; path = "TabView+NavigableView.app"; sourceTree = BUILT_PRODUCTS_DIR; };
		C75B50C52BD7FCA8003E5CBA /* TabView_NavigableViewApp.swift */ = {isa = PBXFileReference; lastKnownFileType = sourcecode.swift; path = TabView_NavigableViewApp.swift; sourceTree = "<group>"; };
		C75B50C72BD7FCA8003E5CBA /* ContentView.swift */ = {isa = PBXFileReference; lastKnownFileType = sourcecode.swift; path = ContentView.swift; sourceTree = "<group>"; };
		C75B50C92BD7FCAA003E5CBA /* Assets.xcassets */ = {isa = PBXFileReference; lastKnownFileType = folder.assetcatalog; path = Assets.xcassets; sourceTree = "<group>"; };
		C75B50CC2BD7FCAA003E5CBA /* Preview Assets.xcassets */ = {isa = PBXFileReference; lastKnownFileType = folder.assetcatalog; path = "Preview Assets.xcassets"; sourceTree = "<group>"; };
		C75B50D22BD7FCAA003E5CBA /* TabView+NavigableViewTests.xctest */ = {isa = PBXFileReference; explicitFileType = wrapper.cfbundle; includeInIndex = 0; path = "TabView+NavigableViewTests.xctest"; sourceTree = BUILT_PRODUCTS_DIR; };
		C75B50D62BD7FCAA003E5CBA /* TabView_NavigableViewTests.swift */ = {isa = PBXFileReference; lastKnownFileType = sourcecode.swift; path = TabView_NavigableViewTests.swift; sourceTree = "<group>"; };
		C75B50DC2BD7FCAA003E5CBA /* TabView+NavigableViewUITests.xctest */ = {isa = PBXFileReference; explicitFileType = wrapper.cfbundle; includeInIndex = 0; path = "TabView+NavigableViewUITests.xctest"; sourceTree = BUILT_PRODUCTS_DIR; };
		C75B50E02BD7FCAA003E5CBA /* TabView_NavigableViewUITests.swift */ = {isa = PBXFileReference; lastKnownFileType = sourcecode.swift; path = TabView_NavigableViewUITests.swift; sourceTree = "<group>"; };
		C75B50E22BD7FCAA003E5CBA /* TabView_NavigableViewUITestsLaunchTests.swift */ = {isa = PBXFileReference; lastKnownFileType = sourcecode.swift; path = TabView_NavigableViewUITestsLaunchTests.swift; sourceTree = "<group>"; };
		C75B50F52BD7FD2A003E5CBA /* Route.swift */ = {isa = PBXFileReference; lastKnownFileType = sourcecode.swift; path = Route.swift; sourceTree = "<group>"; };
		C75B50F72BD7FD33003E5CBA /* RouteResolver.swift */ = {isa = PBXFileReference; lastKnownFileType = sourcecode.swift; path = RouteResolver.swift; sourceTree = "<group>"; };
		C75B50F92BD7FD3F003E5CBA /* NavigableView.swift */ = {isa = PBXFileReference; lastKnownFileType = sourcecode.swift; path = NavigableView.swift; sourceTree = "<group>"; };
		C75B50FD2BD7FDA3003E5CBA /* MainTabView.swift */ = {isa = PBXFileReference; lastKnownFileType = sourcecode.swift; path = MainTabView.swift; sourceTree = "<group>"; };
		C79B74DF2D08A52600DA5161 /* NavigationState.swift */ = {isa = PBXFileReference; lastKnownFileType = sourcecode.swift; path = NavigationState.swift; sourceTree = "<group>"; };
		C79B74E22D08A5D800DA5161 /* HomeView.swift */ = {isa = PBXFileReference; lastKnownFileType = sourcecode.swift; path = HomeView.swift; sourceTree = "<group>"; };
		C79B74E42D08A60500DA5161 /* HomeViewModel.swift */ = {isa = PBXFileReference; lastKnownFileType = sourcecode.swift; path = HomeViewModel.swift; sourceTree = "<group>"; };
		C79B74E62D08A73E00DA5161 /* User.swift */ = {isa = PBXFileReference; lastKnownFileType = sourcecode.swift; path = User.swift; sourceTree = "<group>"; };
		C79B74E92D08A77900DA5161 /* ProfileView.swift */ = {isa = PBXFileReference; lastKnownFileType = sourcecode.swift; path = ProfileView.swift; sourceTree = "<group>"; };
		C79B74EB2D08A79800DA5161 /* ProfileViewModel.swift */ = {isa = PBXFileReference; lastKnownFileType = sourcecode.swift; path = ProfileViewModel.swift; sourceTree = "<group>"; };
		C79B74EE2D08AB4900DA5161 /* AppContainer.swift */ = {isa = PBXFileReference; lastKnownFileType = sourcecode.swift; path = AppContainer.swift; sourceTree = "<group>"; };
/* End PBXFileReference section */

/* Begin PBXFrameworksBuildPhase section */
		C75B50BF2BD7FCA8003E5CBA /* Frameworks */ = {
			isa = PBXFrameworksBuildPhase;
			buildActionMask = 2147483647;
			files = (
			);
			runOnlyForDeploymentPostprocessing = 0;
		};
		C75B50CF2BD7FCAA003E5CBA /* Frameworks */ = {
			isa = PBXFrameworksBuildPhase;
			buildActionMask = 2147483647;
			files = (
			);
			runOnlyForDeploymentPostprocessing = 0;
		};
		C75B50D92BD7FCAA003E5CBA /* Frameworks */ = {
			isa = PBXFrameworksBuildPhase;
			buildActionMask = 2147483647;
			files = (
			);
			runOnlyForDeploymentPostprocessing = 0;
		};
/* End PBXFrameworksBuildPhase section */

/* Begin PBXGroup section */
		C75B50B92BD7FCA8003E5CBA = {
			isa = PBXGroup;
			children = (
				C75B50C42BD7FCA8003E5CBA /* TabView+NavigableView */,
				C75B50D52BD7FCAA003E5CBA /* TabView+NavigableViewTests */,
				C75B50DF2BD7FCAA003E5CBA /* TabView+NavigableViewUITests */,
				C75B50C32BD7FCA8003E5CBA /* Products */,
			);
			sourceTree = "<group>";
		};
		C75B50C32BD7FCA8003E5CBA /* Products */ = {
			isa = PBXGroup;
			children = (
				C75B50C22BD7FCA8003E5CBA /* TabView+NavigableView.app */,
				C75B50D22BD7FCAA003E5CBA /* TabView+NavigableViewTests.xctest */,
				C75B50DC2BD7FCAA003E5CBA /* TabView+NavigableViewUITests.xctest */,
			);
			name = Products;
			sourceTree = "<group>";
		};
		C75B50C42BD7FCA8003E5CBA /* TabView+NavigableView */ = {
			isa = PBXGroup;
			children = (
				C79B74ED2D08AB1600DA5161 /* Environment */,
				C75B50FD2BD7FDA3003E5CBA /* MainTabView.swift */,
				C75B50F42BD7FD21003E5CBA /* Router */,
				C75B50F02BD7FCD3003E5CBA /* Features */,
				C75B50EF2BD7FCCA003E5CBA /* App */,
				C75B50C92BD7FCAA003E5CBA /* Assets.xcassets */,
				C75B50CB2BD7FCAA003E5CBA /* Preview Content */,
			);
			path = "TabView+NavigableView";
			sourceTree = "<group>";
		};
		C75B50CB2BD7FCAA003E5CBA /* Preview Content */ = {
			isa = PBXGroup;
			children = (
				C75B50CC2BD7FCAA003E5CBA /* Preview Assets.xcassets */,
			);
			path = "Preview Content";
			sourceTree = "<group>";
		};
		C75B50D52BD7FCAA003E5CBA /* TabView+NavigableViewTests */ = {
			isa = PBXGroup;
			children = (
				C75B50D62BD7FCAA003E5CBA /* TabView_NavigableViewTests.swift */,
			);
			path = "TabView+NavigableViewTests";
			sourceTree = "<group>";
		};
		C75B50DF2BD7FCAA003E5CBA /* TabView+NavigableViewUITests */ = {
			isa = PBXGroup;
			children = (
				C75B50E02BD7FCAA003E5CBA /* TabView_NavigableViewUITests.swift */,
				C75B50E22BD7FCAA003E5CBA /* TabView_NavigableViewUITestsLaunchTests.swift */,
			);
			path = "TabView+NavigableViewUITests";
			sourceTree = "<group>";
		};
		C75B50EF2BD7FCCA003E5CBA /* App */ = {
			isa = PBXGroup;
			children = (
				C75B50C52BD7FCA8003E5CBA /* TabView_NavigableViewApp.swift */,
			);
			path = App;
			sourceTree = "<group>";
		};
		C75B50F02BD7FCD3003E5CBA /* Features */ = {
			isa = PBXGroup;
			children = (
				C75B50F12BD7FCDB003E5CBA /* Presentation */,
			);
			path = Features;
			sourceTree = "<group>";
		};
		C75B50F12BD7FCDB003E5CBA /* Presentation */ = {
			isa = PBXGroup;
			children = (
				C79B74E82D08A76800DA5161 /* Profile */,
				C79B74E12D08A5C100DA5161 /* Home */,
				C75B50C72BD7FCA8003E5CBA /* ContentView.swift */,
			);
			path = Presentation;
			sourceTree = "<group>";
		};
		C75B50F42BD7FD21003E5CBA /* Router */ = {
			isa = PBXGroup;
			children = (
				C79B74DF2D08A52600DA5161 /* NavigationState.swift */,
				C75B50F52BD7FD2A003E5CBA /* Route.swift */,
				C75B50F72BD7FD33003E5CBA /* RouteResolver.swift */,
				C75B50F92BD7FD3F003E5CBA /* NavigableView.swift */,
			);
			path = Router;
			sourceTree = "<group>";
		};
		C79B74E12D08A5C100DA5161 /* Home */ = {
			isa = PBXGroup;
			children = (
				C79B74E22D08A5D800DA5161 /* HomeView.swift */,
				C79B74E42D08A60500DA5161 /* HomeViewModel.swift */,
				C79B74E62D08A73E00DA5161 /* User.swift */,
			);
			path = Home;
			sourceTree = "<group>";
		};
		C79B74E82D08A76800DA5161 /* Profile */ = {
			isa = PBXGroup;
			children = (
				C79B74E92D08A77900DA5161 /* ProfileView.swift */,
				C79B74EB2D08A79800DA5161 /* ProfileViewModel.swift */,
			);
			path = Profile;
			sourceTree = "<group>";
		};
		C79B74ED2D08AB1600DA5161 /* Environment */ = {
			isa = PBXGroup;
			children = (
				C79B74EE2D08AB4900DA5161 /* AppContainer.swift */,
			);
			path = Environment;
			sourceTree = "<group>";
		};
/* End PBXGroup section */

/* Begin PBXNativeTarget section */
		C75B50C12BD7FCA8003E5CBA /* TabView+NavigableView */ = {
			isa = PBXNativeTarget;
			buildConfigurationList = C75B50E62BD7FCAA003E5CBA /* Build configuration list for PBXNativeTarget "TabView+NavigableView" */;
			buildPhases = (
				C75B50BE2BD7FCA8003E5CBA /* Sources */,
				C75B50BF2BD7FCA8003E5CBA /* Frameworks */,
				C75B50C02BD7FCA8003E5CBA /* Resources */,
			);
			buildRules = (
			);
			dependencies = (
			);
			name = "TabView+NavigableView";
			productName = "TabView+NavigableView";
			productReference = C75B50C22BD7FCA8003E5CBA /* TabView+NavigableView.app */;
			productType = "com.apple.product-type.application";
		};
		C75B50D12BD7FCAA003E5CBA /* TabView+NavigableViewTests */ = {
			isa = PBXNativeTarget;
			buildConfigurationList = C75B50E92BD7FCAA003E5CBA /* Build configuration list for PBXNativeTarget "TabView+NavigableViewTests" */;
			buildPhases = (
				C75B50CE2BD7FCAA003E5CBA /* Sources */,
				C75B50CF2BD7FCAA003E5CBA /* Frameworks */,
				C75B50D02BD7FCAA003E5CBA /* Resources */,
			);
			buildRules = (
			);
			dependencies = (
				C75B50D42BD7FCAA003E5CBA /* PBXTargetDependency */,
			);
			name = "TabView+NavigableViewTests";
			productName = "TabView+NavigableViewTests";
			productReference = C75B50D22BD7FCAA003E5CBA /* TabView+NavigableViewTests.xctest */;
			productType = "com.apple.product-type.bundle.unit-test";
		};
		C75B50DB2BD7FCAA003E5CBA /* TabView+NavigableViewUITests */ = {
			isa = PBXNativeTarget;
			buildConfigurationList = C75B50EC2BD7FCAA003E5CBA /* Build configuration list for PBXNativeTarget "TabView+NavigableViewUITests" */;
			buildPhases = (
				C75B50D82BD7FCAA003E5CBA /* Sources */,
				C75B50D92BD7FCAA003E5CBA /* Frameworks */,
				C75B50DA2BD7FCAA003E5CBA /* Resources */,
			);
			buildRules = (
			);
			dependencies = (
				C75B50DE2BD7FCAA003E5CBA /* PBXTargetDependency */,
			);
			name = "TabView+NavigableViewUITests";
			productName = "TabView+NavigableViewUITests";
			productReference = C75B50DC2BD7FCAA003E5CBA /* TabView+NavigableViewUITests.xctest */;
			productType = "com.apple.product-type.bundle.ui-testing";
		};
/* End PBXNativeTarget section */

/* Begin PBXProject section */
		C75B50BA2BD7FCA8003E5CBA /* Project object */ = {
			isa = PBXProject;
			attributes = {
				BuildIndependentTargetsInParallel = 1;
				LastSwiftUpdateCheck = 1510;
				LastUpgradeCheck = 1510;
				TargetAttributes = {
					C75B50C12BD7FCA8003E5CBA = {
						CreatedOnToolsVersion = 15.1;
					};
					C75B50D12BD7FCAA003E5CBA = {
						CreatedOnToolsVersion = 15.1;
						TestTargetID = C75B50C12BD7FCA8003E5CBA;
					};
					C75B50DB2BD7FCAA003E5CBA = {
						CreatedOnToolsVersion = 15.1;
						TestTargetID = C75B50C12BD7FCA8003E5CBA;
					};
				};
			};
			buildConfigurationList = C75B50BD2BD7FCA8003E5CBA /* Build configuration list for PBXProject "TabView+NavigableView" */;
			compatibilityVersion = "Xcode 14.0";
			developmentRegion = en;
			hasScannedForEncodings = 0;
			knownRegions = (
				en,
				Base,
			);
			mainGroup = C75B50B92BD7FCA8003E5CBA;
			productRefGroup = C75B50C32BD7FCA8003E5CBA /* Products */;
			projectDirPath = "";
			projectRoot = "";
			targets = (
				C75B50C12BD7FCA8003E5CBA /* TabView+NavigableView */,
				C75B50D12BD7FCAA003E5CBA /* TabView+NavigableViewTests */,
				C75B50DB2BD7FCAA003E5CBA /* TabView+NavigableViewUITests */,
			);
		};
/* End PBXProject section */

/* Begin PBXResourcesBuildPhase section */
		C75B50C02BD7FCA8003E5CBA /* Resources */ = {
			isa = PBXResourcesBuildPhase;
			buildActionMask = 2147483647;
			files = (
				C75B50CD2BD7FCAA003E5CBA /* Preview Assets.xcassets in Resources */,
				C75B50CA2BD7FCAA003E5CBA /* Assets.xcassets in Resources */,
			);
			runOnlyForDeploymentPostprocessing = 0;
		};
		C75B50D02BD7FCAA003E5CBA /* Resources */ = {
			isa = PBXResourcesBuildPhase;
			buildActionMask = 2147483647;
			files = (
			);
			runOnlyForDeploymentPostprocessing = 0;
		};
		C75B50DA2BD7FCAA003E5CBA /* Resources */ = {
			isa = PBXResourcesBuildPhase;
			buildActionMask = 2147483647;
			files = (
			);
			runOnlyForDeploymentPostprocessing = 0;
		};
/* End PBXResourcesBuildPhase section */

/* Begin PBXSourcesBuildPhase section */
		C75B50BE2BD7FCA8003E5CBA /* Sources */ = {
			isa = PBXSourcesBuildPhase;
			buildActionMask = 2147483647;
			files = (
				C79B74EF2D08AB4900DA5161 /* AppContainer.swift in Sources */,
				C75B50FA2BD7FD3F003E5CBA /* NavigableView.swift in Sources */,
				C79B74E52D08A60500DA5161 /* HomeViewModel.swift in Sources */,
				C79B74E02D08A52600DA5161 /* NavigationState.swift in Sources */,
				C75B50C82BD7FCA8003E5CBA /* ContentView.swift in Sources */,
				C75B50F62BD7FD2A003E5CBA /* Route.swift in Sources */,
				C75B50F82BD7FD33003E5CBA /* RouteResolver.swift in Sources */,
				C79B74EC2D08A79800DA5161 /* ProfileViewModel.swift in Sources */,
				C79B74E32D08A5D800DA5161 /* HomeView.swift in Sources */,
				C75B50FE2BD7FDA3003E5CBA /* MainTabView.swift in Sources */,
				C79B74E72D08A73E00DA5161 /* User.swift in Sources */,
				C79B74EA2D08A77900DA5161 /* ProfileView.swift in Sources */,
				C75B50C62BD7FCA8003E5CBA /* TabView_NavigableViewApp.swift in Sources */,
			);
			runOnlyForDeploymentPostprocessing = 0;
		};
		C75B50CE2BD7FCAA003E5CBA /* Sources */ = {
			isa = PBXSourcesBuildPhase;
			buildActionMask = 2147483647;
			files = (
				C75B50D72BD7FCAA003E5CBA /* TabView_NavigableViewTests.swift in Sources */,
			);
			runOnlyForDeploymentPostprocessing = 0;
		};
		C75B50D82BD7FCAA003E5CBA /* Sources */ = {
			isa = PBXSourcesBuildPhase;
			buildActionMask = 2147483647;
			files = (
				C75B50E32BD7FCAA003E5CBA /* TabView_NavigableViewUITestsLaunchTests.swift in Sources */,
				C75B50E12BD7FCAA003E5CBA /* TabView_NavigableViewUITests.swift in Sources */,
			);
			runOnlyForDeploymentPostprocessing = 0;
		};
/* End PBXSourcesBuildPhase section */

/* Begin PBXTargetDependency section */
		C75B50D42BD7FCAA003E5CBA /* PBXTargetDependency */ = {
			isa = PBXTargetDependency;
			target = C75B50C12BD7FCA8003E5CBA /* TabView+NavigableView */;
			targetProxy = C75B50D32BD7FCAA003E5CBA /* PBXContainerItemProxy */;
		};
		C75B50DE2BD7FCAA003E5CBA /* PBXTargetDependency */ = {
			isa = PBXTargetDependency;
			target = C75B50C12BD7FCA8003E5CBA /* TabView+NavigableView */;
			targetProxy = C75B50DD2BD7FCAA003E5CBA /* PBXContainerItemProxy */;
		};
/* End PBXTargetDependency section */

/* Begin XCBuildConfiguration section */
		C75B50E42BD7FCAA003E5CBA /* Debug */ = {
			isa = XCBuildConfiguration;
			buildSettings = {
				ALWAYS_SEARCH_USER_PATHS = NO;
				ASSETCATALOG_COMPILER_GENERATE_SWIFT_ASSET_SYMBOL_EXTENSIONS = YES;
				CLANG_ANALYZER_NONNULL = YES;
				CLANG_ANALYZER_NUMBER_OBJECT_CONVERSION = YES_AGGRESSIVE;
				CLANG_CXX_LANGUAGE_STANDARD = "gnu++20";
				CLANG_ENABLE_MODULES = YES;
				CLANG_ENABLE_OBJC_ARC = YES;
				CLANG_ENABLE_OBJC_WEAK = YES;
				CLANG_WARN_BLOCK_CAPTURE_AUTORELEASING = YES;
				CLANG_WARN_BOOL_CONVERSION = YES;
				CLANG_WARN_COMMA = YES;
				CLANG_WARN_CONSTANT_CONVERSION = YES;
				CLANG_WARN_DEPRECATED_OBJC_IMPLEMENTATIONS = YES;
				CLANG_WARN_DIRECT_OBJC_ISA_USAGE = YES_ERROR;
				CLANG_WARN_DOCUMENTATION_COMMENTS = YES;
				CLANG_WARN_EMPTY_BODY = YES;
				CLANG_WARN_ENUM_CONVERSION = YES;
				CLANG_WARN_INFINITE_RECURSION = YES;
				CLANG_WARN_INT_CONVERSION = YES;
				CLANG_WARN_NON_LITERAL_NULL_CONVERSION = YES;
				CLANG_WARN_OBJC_IMPLICIT_RETAIN_SELF = YES;
				CLANG_WARN_OBJC_LITERAL_CONVERSION = YES;
				CLANG_WARN_OBJC_ROOT_CLASS = YES_ERROR;
				CLANG_WARN_QUOTED_INCLUDE_IN_FRAMEWORK_HEADER = YES;
				CLANG_WARN_RANGE_LOOP_ANALYSIS = YES;
				CLANG_WARN_STRICT_PROTOTYPES = YES;
				CLANG_WARN_SUSPICIOUS_MOVE = YES;
				CLANG_WARN_UNGUARDED_AVAILABILITY = YES_AGGRESSIVE;
				CLANG_WARN_UNREACHABLE_CODE = YES;
				CLANG_WARN__DUPLICATE_METHOD_MATCH = YES;
				COPY_PHASE_STRIP = NO;
				DEBUG_INFORMATION_FORMAT = dwarf;
				ENABLE_STRICT_OBJC_MSGSEND = YES;
				ENABLE_TESTABILITY = YES;
				ENABLE_USER_SCRIPT_SANDBOXING = YES;
				GCC_C_LANGUAGE_STANDARD = gnu17;
				GCC_DYNAMIC_NO_PIC = NO;
				GCC_NO_COMMON_BLOCKS = YES;
				GCC_OPTIMIZATION_LEVEL = 0;
				GCC_PREPROCESSOR_DEFINITIONS = (
					"DEBUG=1",
					"$(inherited)",
				);
				GCC_WARN_64_TO_32_BIT_CONVERSION = YES;
				GCC_WARN_ABOUT_RETURN_TYPE = YES_ERROR;
				GCC_WARN_UNDECLARED_SELECTOR = YES;
				GCC_WARN_UNINITIALIZED_AUTOS = YES_AGGRESSIVE;
				GCC_WARN_UNUSED_FUNCTION = YES;
				GCC_WARN_UNUSED_VARIABLE = YES;
				IPHONEOS_DEPLOYMENT_TARGET = 17.2;
				LOCALIZATION_PREFERS_STRING_CATALOGS = YES;
				MTL_ENABLE_DEBUG_INFO = INCLUDE_SOURCE;
				MTL_FAST_MATH = YES;
				ONLY_ACTIVE_ARCH = YES;
				SDKROOT = iphoneos;
				SWIFT_ACTIVE_COMPILATION_CONDITIONS = "DEBUG $(inherited)";
				SWIFT_OPTIMIZATION_LEVEL = "-Onone";
			};
			name = Debug;
		};
		C75B50E52BD7FCAA003E5CBA /* Release */ = {
			isa = XCBuildConfiguration;
			buildSettings = {
				ALWAYS_SEARCH_USER_PATHS = NO;
				ASSETCATALOG_COMPILER_GENERATE_SWIFT_ASSET_SYMBOL_EXTENSIONS = YES;
				CLANG_ANALYZER_NONNULL = YES;
				CLANG_ANALYZER_NUMBER_OBJECT_CONVERSION = YES_AGGRESSIVE;
				CLANG_CXX_LANGUAGE_STANDARD = "gnu++20";
				CLANG_ENABLE_MODULES = YES;
				CLANG_ENABLE_OBJC_ARC = YES;
				CLANG_ENABLE_OBJC_WEAK = YES;
				CLANG_WARN_BLOCK_CAPTURE_AUTORELEASING = YES;
				CLANG_WARN_BOOL_CONVERSION = YES;
				CLANG_WARN_COMMA = YES;
				CLANG_WARN_CONSTANT_CONVERSION = YES;
				CLANG_WARN_DEPRECATED_OBJC_IMPLEMENTATIONS = YES;
				CLANG_WARN_DIRECT_OBJC_ISA_USAGE = YES_ERROR;
				CLANG_WARN_DOCUMENTATION_COMMENTS = YES;
				CLANG_WARN_EMPTY_BODY = YES;
				CLANG_WARN_ENUM_CONVERSION = YES;
				CLANG_WARN_INFINITE_RECURSION = YES;
				CLANG_WARN_INT_CONVERSION = YES;
				CLANG_WARN_NON_LITERAL_NULL_CONVERSION = YES;
				CLANG_WARN_OBJC_IMPLICIT_RETAIN_SELF = YES;
				CLANG_WARN_OBJC_LITERAL_CONVERSION = YES;
				CLANG_WARN_OBJC_ROOT_CLASS = YES_ERROR;
				CLANG_WARN_QUOTED_INCLUDE_IN_FRAMEWORK_HEADER = YES;
				CLANG_WARN_RANGE_LOOP_ANALYSIS = YES;
				CLANG_WARN_STRICT_PROTOTYPES = YES;
				CLANG_WARN_SUSPICIOUS_MOVE = YES;
				CLANG_WARN_UNGUARDED_AVAILABILITY = YES_AGGRESSIVE;
				CLANG_WARN_UNREACHABLE_CODE = YES;
				CLANG_WARN__DUPLICATE_METHOD_MATCH = YES;
				COPY_PHASE_STRIP = NO;
				DEBUG_INFORMATION_FORMAT = "dwarf-with-dsym";
				ENABLE_NS_ASSERTIONS = NO;
				ENABLE_STRICT_OBJC_MSGSEND = YES;
				ENABLE_USER_SCRIPT_SANDBOXING = YES;
				GCC_C_LANGUAGE_STANDARD = gnu17;
				GCC_NO_COMMON_BLOCKS = YES;
				GCC_WARN_64_TO_32_BIT_CONVERSION = YES;
				GCC_WARN_ABOUT_RETURN_TYPE = YES_ERROR;
				GCC_WARN_UNDECLARED_SELECTOR = YES;
				GCC_WARN_UNINITIALIZED_AUTOS = YES_AGGRESSIVE;
				GCC_WARN_UNUSED_FUNCTION = YES;
				GCC_WARN_UNUSED_VARIABLE = YES;
				IPHONEOS_DEPLOYMENT_TARGET = 17.2;
				LOCALIZATION_PREFERS_STRING_CATALOGS = YES;
				MTL_ENABLE_DEBUG_INFO = NO;
				MTL_FAST_MATH = YES;
				SDKROOT = iphoneos;
				SWIFT_COMPILATION_MODE = wholemodule;
				VALIDATE_PRODUCT = YES;
			};
			name = Release;
		};
		C75B50E72BD7FCAA003E5CBA /* Debug */ = {
			isa = XCBuildConfiguration;
			buildSettings = {
				ASSETCATALOG_COMPILER_APPICON_NAME = AppIcon;
				ASSETCATALOG_COMPILER_GLOBAL_ACCENT_COLOR_NAME = AccentColor;
				CODE_SIGN_STYLE = Automatic;
				CURRENT_PROJECT_VERSION = 1;
				DEVELOPMENT_ASSET_PATHS = "\"TabView+NavigableView/Preview Content\"";
				DEVELOPMENT_TEAM = 9BF3QTHJ36;
				ENABLE_PREVIEWS = YES;
				GENERATE_INFOPLIST_FILE = YES;
				INFOPLIST_KEY_UIApplicationSceneManifest_Generation = YES;
				INFOPLIST_KEY_UIApplicationSupportsIndirectInputEvents = YES;
				INFOPLIST_KEY_UILaunchScreen_Generation = YES;
				INFOPLIST_KEY_UISupportedInterfaceOrientations_iPad = "UIInterfaceOrientationPortrait UIInterfaceOrientationPortraitUpsideDown UIInterfaceOrientationLandscapeLeft UIInterfaceOrientationLandscapeRight";
				INFOPLIST_KEY_UISupportedInterfaceOrientations_iPhone = "UIInterfaceOrientationPortrait UIInterfaceOrientationLandscapeLeft UIInterfaceOrientationLandscapeRight";
				LD_RUNPATH_SEARCH_PATHS = (
					"$(inherited)",
					"@executable_path/Frameworks",
				);
				MARKETING_VERSION = 1.0;
				PRODUCT_BUNDLE_IDENTIFIER = "com.alin.navigation.TabView-NavigableView";
				PRODUCT_NAME = "$(TARGET_NAME)";
				SWIFT_EMIT_LOC_STRINGS = YES;
				SWIFT_VERSION = 5.0;
				TARGETED_DEVICE_FAMILY = "1,2";
			};
			name = Debug;
		};
		C75B50E82BD7FCAA003E5CBA /* Release */ = {
			isa = XCBuildConfiguration;
			buildSettings = {
				ASSETCATALOG_COMPILER_APPICON_NAME = AppIcon;
				ASSETCATALOG_COMPILER_GLOBAL_ACCENT_COLOR_NAME = AccentColor;
				CODE_SIGN_STYLE = Automatic;
				CURRENT_PROJECT_VERSION = 1;
				DEVELOPMENT_ASSET_PATHS = "\"TabView+NavigableView/Preview Content\"";
				DEVELOPMENT_TEAM = 9BF3QTHJ36;
				ENABLE_PREVIEWS = YES;
				GENERATE_INFOPLIST_FILE = YES;
				INFOPLIST_KEY_UIApplicationSceneManifest_Generation = YES;
				INFOPLIST_KEY_UIApplicationSupportsIndirectInputEvents = YES;
				INFOPLIST_KEY_UILaunchScreen_Generation = YES;
				INFOPLIST_KEY_UISupportedInterfaceOrientations_iPad = "UIInterfaceOrientationPortrait UIInterfaceOrientationPortraitUpsideDown UIInterfaceOrientationLandscapeLeft UIInterfaceOrientationLandscapeRight";
				INFOPLIST_KEY_UISupportedInterfaceOrientations_iPhone = "UIInterfaceOrientationPortrait UIInterfaceOrientationLandscapeLeft UIInterfaceOrientationLandscapeRight";
				LD_RUNPATH_SEARCH_PATHS = (
					"$(inherited)",
					"@executable_path/Frameworks",
				);
				MARKETING_VERSION = 1.0;
				PRODUCT_BUNDLE_IDENTIFIER = "com.alin.navigation.TabView-NavigableView";
				PRODUCT_NAME = "$(TARGET_NAME)";
				SWIFT_EMIT_LOC_STRINGS = YES;
				SWIFT_VERSION = 5.0;
				TARGETED_DEVICE_FAMILY = "1,2";
			};
			name = Release;
		};
		C75B50EA2BD7FCAA003E5CBA /* Debug */ = {
			isa = XCBuildConfiguration;
			buildSettings = {
				ALWAYS_EMBED_SWIFT_STANDARD_LIBRARIES = YES;
				BUNDLE_LOADER = "$(TEST_HOST)";
				CODE_SIGN_STYLE = Automatic;
				CURRENT_PROJECT_VERSION = 1;
				DEVELOPMENT_TEAM = 9BF3QTHJ36;
				GENERATE_INFOPLIST_FILE = YES;
				IPHONEOS_DEPLOYMENT_TARGET = 17.2;
				MARKETING_VERSION = 1.0;
				PRODUCT_BUNDLE_IDENTIFIER = "com.alin.navigation.TabView-NavigableViewTests";
				PRODUCT_NAME = "$(TARGET_NAME)";
				SWIFT_EMIT_LOC_STRINGS = NO;
				SWIFT_VERSION = 5.0;
				TARGETED_DEVICE_FAMILY = "1,2";
				TEST_HOST = "$(BUILT_PRODUCTS_DIR)/TabView+NavigableView.app/$(BUNDLE_EXECUTABLE_FOLDER_PATH)/TabView+NavigableView";
			};
			name = Debug;
		};
		C75B50EB2BD7FCAA003E5CBA /* Release */ = {
			isa = XCBuildConfiguration;
			buildSettings = {
				ALWAYS_EMBED_SWIFT_STANDARD_LIBRARIES = YES;
				BUNDLE_LOADER = "$(TEST_HOST)";
				CODE_SIGN_STYLE = Automatic;
				CURRENT_PROJECT_VERSION = 1;
				DEVELOPMENT_TEAM = 9BF3QTHJ36;
				GENERATE_INFOPLIST_FILE = YES;
				IPHONEOS_DEPLOYMENT_TARGET = 17.2;
				MARKETING_VERSION = 1.0;
				PRODUCT_BUNDLE_IDENTIFIER = "com.alin.navigation.TabView-NavigableViewTests";
				PRODUCT_NAME = "$(TARGET_NAME)";
				SWIFT_EMIT_LOC_STRINGS = NO;
				SWIFT_VERSION = 5.0;
				TARGETED_DEVICE_FAMILY = "1,2";
				TEST_HOST = "$(BUILT_PRODUCTS_DIR)/TabView+NavigableView.app/$(BUNDLE_EXECUTABLE_FOLDER_PATH)/TabView+NavigableView";
			};
			name = Release;
		};
		C75B50ED2BD7FCAA003E5CBA /* Debug */ = {
			isa = XCBuildConfiguration;
			buildSettings = {
				ALWAYS_EMBED_SWIFT_STANDARD_LIBRARIES = YES;
				CODE_SIGN_STYLE = Automatic;
				CURRENT_PROJECT_VERSION = 1;
				DEVELOPMENT_TEAM = 9BF3QTHJ36;
				GENERATE_INFOPLIST_FILE = YES;
				MARKETING_VERSION = 1.0;
				PRODUCT_BUNDLE_IDENTIFIER = "com.alin.navigation.TabView-NavigableViewUITests";
				PRODUCT_NAME = "$(TARGET_NAME)";
				SWIFT_EMIT_LOC_STRINGS = NO;
				SWIFT_VERSION = 5.0;
				TARGETED_DEVICE_FAMILY = "1,2";
				TEST_TARGET_NAME = "TabView+NavigableView";
			};
			name = Debug;
		};
		C75B50EE2BD7FCAA003E5CBA /* Release */ = {
			isa = XCBuildConfiguration;
			buildSettings = {
				ALWAYS_EMBED_SWIFT_STANDARD_LIBRARIES = YES;
				CODE_SIGN_STYLE = Automatic;
				CURRENT_PROJECT_VERSION = 1;
				DEVELOPMENT_TEAM = 9BF3QTHJ36;
				GENERATE_INFOPLIST_FILE = YES;
				MARKETING_VERSION = 1.0;
				PRODUCT_BUNDLE_IDENTIFIER = "com.alin.navigation.TabView-NavigableViewUITests";
				PRODUCT_NAME = "$(TARGET_NAME)";
				SWIFT_EMIT_LOC_STRINGS = NO;
				SWIFT_VERSION = 5.0;
				TARGETED_DEVICE_FAMILY = "1,2";
				TEST_TARGET_NAME = "TabView+NavigableView";
			};
			name = Release;
		};
/* End XCBuildConfiguration section */

/* Begin XCConfigurationList section */
		C75B50BD2BD7FCA8003E5CBA /* Build configuration list for PBXProject "TabView+NavigableView" */ = {
			isa = XCConfigurationList;
			buildConfigurations = (
				C75B50E42BD7FCAA003E5CBA /* Debug */,
				C75B50E52BD7FCAA003E5CBA /* Release */,
			);
			defaultConfigurationIsVisible = 0;
			defaultConfigurationName = Release;
		};
		C75B50E62BD7FCAA003E5CBA /* Build configuration list for PBXNativeTarget "TabView+NavigableView" */ = {
			isa = XCConfigurationList;
			buildConfigurations = (
				C75B50E72BD7FCAA003E5CBA /* Debug */,
				C75B50E82BD7FCAA003E5CBA /* Release */,
			);
			defaultConfigurationIsVisible = 0;
			defaultConfigurationName = Release;
		};
		C75B50E92BD7FCAA003E5CBA /* Build configuration list for PBXNativeTarget "TabView+NavigableViewTests" */ = {
			isa = XCConfigurationList;
			buildConfigurations = (
				C75B50EA2BD7FCAA003E5CBA /* Debug */,
				C75B50EB2BD7FCAA003E5CBA /* Release */,
			);
			defaultConfigurationIsVisible = 0;
			defaultConfigurationName = Release;
		};
		C75B50EC2BD7FCAA003E5CBA /* Build configuration list for PBXNativeTarget "TabView+NavigableViewUITests" */ = {
			isa = XCConfigurationList;
			buildConfigurations = (
				C75B50ED2BD7FCAA003E5CBA /* Debug */,
				C75B50EE2BD7FCAA003E5CBA /* Release */,
			);
			defaultConfigurationIsVisible = 0;
			defaultConfigurationName = Release;
		};
/* End XCConfigurationList section */
	};
	rootObject = C75B50BA2BD7FCA8003E5CBA /* Project object */;
}
